
Microsoft Visual Studio Solution File, Format Version 12.00
# Visual Studio 15
VisualStudioVersion = 15.0.27130.2036
MinimumVisualStudioVersion = 10.0.40219.1
Project("{2150E333-8FDC-42A3-9474-1A3956D46DE8}") = "Collection", "Collection", "{1EE5C3FC-579C-4A6F-A9C8-9AC44766C018}"
EndProject
Project("{FAE04EC0-301F-11D3-BF4B-00C04F79EFBC}") = "Collection", "Collection\Collection.csproj", "{3CFB2F87-EC92-4405-8233-5976E9935FFB}"
EndProject
Project("{FAE04EC0-301F-11D3-BF4B-00C04F79EFBC}") = "Collection.Tests", "Collection.Tests\Collection.Tests.csproj", "{7DA94D53-E1E3-43DA-AFC2-AC02B9F8EBB9}"
EndProject
Project("{2150E333-8FDC-42A3-9474-1A3956D46DE8}") = "Matrices", "Matrices", "{27CEF873-5E7A-4836-B769-FE8085FDD549}"
EndProject
Project("{FAE04EC0-301F-11D3-BF4B-00C04F79EFBC}") = "Matrices", "Matrices\Matrices.csproj", "{2B24B8BE-DF0A-4778-A0F3-3DA9BBC1AB1E}"
EndProject
Project("{FAE04EC0-301F-11D3-BF4B-00C04F79EFBC}") = "Matrices.Tests", "Matrices.Tests\Matrices.Tests.csproj", "{CC3F9F45-ACC8-45B8-9B00-6850153B2549}"
EndProject
Project("{2150E333-8FDC-42A3-9474-1A3956D46DE8}") = "BinaryTree", "BinaryTree", "{DFAEED3B-2263-471A-BBD4-F8B2C537BB21}"
EndProject
Project("{FAE04EC0-301F-11D3-BF4B-00C04F79EFBC}") = "BinaryTree", "BinaryTree\BinaryTree.csproj", "{7B3891CA-D96B-46DE-B9CB-8551A41552B6}"
EndProject
Project("{FAE04EC0-301F-11D3-BF4B-00C04F79EFBC}") = "BinaryTree.Tests", "BinaryTree.Tests\BinaryTree.Tests.csproj", "{B2255879-9B5D-4105-9873-1844D1EFAE29}"
EndProject
Global
	GlobalSection(SolutionConfigurationPlatforms) = preSolution
		Debug|Any CPU = Debug|Any CPU
		Release|Any CPU = Release|Any CPU
	EndGlobalSection
	GlobalSection(ProjectConfigurationPlatforms) = postSolution
		{3CFB2F87-EC92-4405-8233-5976E9935FFB}.Debug|Any CPU.ActiveCfg = Debug|Any CPU
		{3CFB2F87-EC92-4405-8233-5976E9935FFB}.Debug|Any CPU.Build.0 = Debug|Any CPU
		{3CFB2F87-EC92-4405-8233-5976E9935FFB}.Release|Any CPU.ActiveCfg = Release|Any CPU
		{3CFB2F87-EC92-4405-8233-5976E9935FFB}.Release|Any CPU.Build.0 = Release|Any CPU
		{7DA94D53-E1E3-43DA-AFC2-AC02B9F8EBB9}.Debug|Any CPU.ActiveCfg = Debug|Any CPU
		{7DA94D53-E1E3-43DA-AFC2-AC02B9F8EBB9}.Debug|Any CPU.Build.0 = Debug|Any CPU
		{7DA94D53-E1E3-43DA-AFC2-AC02B9F8EBB9}.Release|Any CPU.ActiveCfg = Release|Any CPU
		{7DA94D53-E1E3-43DA-AFC2-AC02B9F8EBB9}.Release|Any CPU.Build.0 = Release|Any CPU
		{2B24B8BE-DF0A-4778-A0F3-3DA9BBC1AB1E}.Debug|Any CPU.ActiveCfg = Debug|Any CPU
		{2B24B8BE-DF0A-4778-A0F3-3DA9BBC1AB1E}.Debug|Any CPU.Build.0 = Debug|Any CPU
		{2B24B8BE-DF0A-4778-A0F3-3DA9BBC1AB1E}.Release|Any CPU.ActiveCfg = Release|Any CPU
		{2B24B8BE-DF0A-4778-A0F3-3DA9BBC1AB1E}.Release|Any CPU.Build.0 = Release|Any CPU
		{CC3F9F45-ACC8-45B8-9B00-6850153B2549}.Debug|Any CPU.ActiveCfg = Debug|Any CPU
		{CC3F9F45-ACC8-45B8-9B00-6850153B2549}.Debug|Any CPU.Build.0 = Debug|Any CPU
		{CC3F9F45-ACC8-45B8-9B00-6850153B2549}.Release|Any CPU.ActiveCfg = Release|Any CPU
		{CC3F9F45-ACC8-45B8-9B00-6850153B2549}.Release|Any CPU.Build.0 = Release|Any CPU
		{7B3891CA-D96B-46DE-B9CB-8551A41552B6}.Debug|Any CPU.ActiveCfg = Debug|Any CPU
		{7B3891CA-D96B-46DE-B9CB-8551A41552B6}.Debug|Any CPU.Build.0 = Debug|Any CPU
		{7B3891CA-D96B-46DE-B9CB-8551A41552B6}.Release|Any CPU.ActiveCfg = Release|Any CPU
		{7B3891CA-D96B-46DE-B9CB-8551A41552B6}.Release|Any CPU.Build.0 = Release|Any CPU
		{B2255879-9B5D-4105-9873-1844D1EFAE29}.Debug|Any CPU.ActiveCfg = Debug|Any CPU
		{B2255879-9B5D-4105-9873-1844D1EFAE29}.Debug|Any CPU.Build.0 = Debug|Any CPU
		{B2255879-9B5D-4105-9873-1844D1EFAE29}.Release|Any CPU.ActiveCfg = Release|Any CPU
		{B2255879-9B5D-4105-9873-1844D1EFAE29}.Release|Any CPU.Build.0 = Release|Any CPU
	EndGlobalSection
	GlobalSection(SolutionProperties) = preSolution
		HideSolutionNode = FALSE
	EndGlobalSection
	GlobalSection(NestedProjects) = preSolution
		{3CFB2F87-EC92-4405-8233-5976E9935FFB} = {1EE5C3FC-579C-4A6F-A9C8-9AC44766C018}
		{7DA94D53-E1E3-43DA-AFC2-AC02B9F8EBB9} = {1EE5C3FC-579C-4A6F-A9C8-9AC44766C018}
		{2B24B8BE-DF0A-4778-A0F3-3DA9BBC1AB1E} = {27CEF873-5E7A-4836-B769-FE8085FDD549}
		{CC3F9F45-ACC8-45B8-9B00-6850153B2549} = {27CEF873-5E7A-4836-B769-FE8085FDD549}
		{7B3891CA-D96B-46DE-B9CB-8551A41552B6} = {DFAEED3B-2263-471A-BBD4-F8B2C537BB21}
		{B2255879-9B5D-4105-9873-1844D1EFAE29} = {DFAEED3B-2263-471A-BBD4-F8B2C537BB21}
	EndGlobalSection
	GlobalSection(ExtensibilityGlobals) = postSolution
		SolutionGuid = {EB8D6199-280B-43C1-9ED2-CCF291A38A42}
	EndGlobalSection
EndGlobal
