
Microsoft Visual Studio Solution File, Format Version 12.00
# Visual Studio 15
VisualStudioVersion = 15.0.27130.2036
MinimumVisualStudioVersion = 10.0.40219.1
Project("{FAE04EC0-301F-11D3-BF4B-00C04F79EFBC}") = "ClassLibraryPizzeria", "ClassLibraryPizzeria\ClassLibraryPizzeria.csproj", "{BC204158-E2A5-4413-9F76-CB85D671DE9F}"
EndProject
Project("{FAE04EC0-301F-11D3-BF4B-00C04F79EFBC}") = "ClassLibraryPizzeriaStrongName", "ClassLibraryPizzeriaStrongName\ClassLibraryPizzeriaStrongName.csproj", "{A4CBC766-A428-4940-A6D0-B5915C105859}"
EndProject
Global
	GlobalSection(SolutionConfigurationPlatforms) = preSolution
		Debug|Any CPU = Debug|Any CPU
		Release|Any CPU = Release|Any CPU
	EndGlobalSection
	GlobalSection(ProjectConfigurationPlatforms) = postSolution
		{BC204158-E2A5-4413-9F76-CB85D671DE9F}.Debug|Any CPU.ActiveCfg = Debug|Any CPU
		{BC204158-E2A5-4413-9F76-CB85D671DE9F}.Debug|Any CPU.Build.0 = Debug|Any CPU
		{BC204158-E2A5-4413-9F76-CB85D671DE9F}.Release|Any CPU.ActiveCfg = Release|Any CPU
		{BC204158-E2A5-4413-9F76-CB85D671DE9F}.Release|Any CPU.Build.0 = Release|Any CPU
		{A4CBC766-A428-4940-A6D0-B5915C105859}.Debug|Any CPU.ActiveCfg = Debug|Any CPU
		{A4CBC766-A428-4940-A6D0-B5915C105859}.Debug|Any CPU.Build.0 = Debug|Any CPU
		{A4CBC766-A428-4940-A6D0-B5915C105859}.Release|Any CPU.ActiveCfg = Release|Any CPU
		{A4CBC766-A428-4940-A6D0-B5915C105859}.Release|Any CPU.Build.0 = Release|Any CPU
	EndGlobalSection
	GlobalSection(SolutionProperties) = preSolution
		HideSolutionNode = FALSE
	EndGlobalSection
	GlobalSection(ExtensibilityGlobals) = postSolution
		SolutionGuid = {1EAF88C1-2D3A-4D0B-8CF0-91893BA2E0AD}
	EndGlobalSection
EndGlobal
