
Microsoft Visual Studio Solution File, Format Version 12.00
# Visual Studio 15
VisualStudioVersion = 15.0.27130.2036
MinimumVisualStudioVersion = 10.0.40219.1
Project("{FAE04EC0-301F-11D3-BF4B-00C04F79EFBC}") = "CalculationGCD", "CalculationGCD\CalculationGCD.csproj", "{94A77395-A633-41D9-8383-C67DE825E131}"
EndProject
Project("{FAE04EC0-301F-11D3-BF4B-00C04F79EFBC}") = "CalculationGCD.Tests", "CalculationGCD.Tests\CalculationGCD.Tests.csproj", "{62054D3F-3CFE-418C-A614-9213F3341AD0}"
EndProject
Global
	GlobalSection(SolutionConfigurationPlatforms) = preSolution
		Debug|Any CPU = Debug|Any CPU
		Release|Any CPU = Release|Any CPU
	EndGlobalSection
	GlobalSection(ProjectConfigurationPlatforms) = postSolution
		{94A77395-A633-41D9-8383-C67DE825E131}.Debug|Any CPU.ActiveCfg = Debug|Any CPU
		{94A77395-A633-41D9-8383-C67DE825E131}.Debug|Any CPU.Build.0 = Debug|Any CPU
		{94A77395-A633-41D9-8383-C67DE825E131}.Release|Any CPU.ActiveCfg = Release|Any CPU
		{94A77395-A633-41D9-8383-C67DE825E131}.Release|Any CPU.Build.0 = Release|Any CPU
		{62054D3F-3CFE-418C-A614-9213F3341AD0}.Debug|Any CPU.ActiveCfg = Debug|Any CPU
		{62054D3F-3CFE-418C-A614-9213F3341AD0}.Debug|Any CPU.Build.0 = Debug|Any CPU
		{62054D3F-3CFE-418C-A614-9213F3341AD0}.Release|Any CPU.ActiveCfg = Release|Any CPU
		{62054D3F-3CFE-418C-A614-9213F3341AD0}.Release|Any CPU.Build.0 = Release|Any CPU
	EndGlobalSection
	GlobalSection(SolutionProperties) = preSolution
		HideSolutionNode = FALSE
	EndGlobalSection
	GlobalSection(ExtensibilityGlobals) = postSolution
		SolutionGuid = {5194AD62-191E-476F-B64E-9E514B5C3731}
	EndGlobalSection
EndGlobal
