
Microsoft Visual Studio Solution File, Format Version 12.00
# Visual Studio 15
VisualStudioVersion = 15.0.27130.2036
MinimumVisualStudioVersion = 10.0.40219.1
Project("{FAE04EC0-301F-11D3-BF4B-00C04F79EFBC}") = "BLL.Interface", "BLL.Interface\BLL.Interface.csproj", "{7794BDEF-61C4-445B-8FC6-821C313DF542}"
EndProject
Project("{FAE04EC0-301F-11D3-BF4B-00C04F79EFBC}") = "BLL", "BLL\BLL.csproj", "{40DE4353-E39D-4AD5-A90B-DB831CBCF6C3}"
EndProject
Project("{FAE04EC0-301F-11D3-BF4B-00C04F79EFBC}") = "BLL.Tests", "BLL.Tests\BLL.Tests.csproj", "{66E64500-DEDC-4E00-8C43-E908AD0A34E5}"
EndProject
Project("{FAE04EC0-301F-11D3-BF4B-00C04F79EFBC}") = "DAL", "DAL\DAL.csproj", "{94178F91-2021-4583-A6D8-7D8914D06230}"
EndProject
Project("{FAE04EC0-301F-11D3-BF4B-00C04F79EFBC}") = "DAL.Interface", "DAL.Interface\DAL.Interface.csproj", "{FECDE238-3965-4148-AF27-E8950FF18ECF}"
EndProject
Project("{FAE04EC0-301F-11D3-BF4B-00C04F79EFBC}") = "ConsolePL", "ConsolePL\ConsolePL.csproj", "{6B62EA00-33A6-469E-AD0F-73F8AC3B21AC}"
EndProject
Project("{FAE04EC0-301F-11D3-BF4B-00C04F79EFBC}") = "DependencyResolver", "DependencyResolver\DependencyResolver.csproj", "{59617A96-4338-40AF-916E-FE0522C996AE}"
EndProject
Project("{FAE04EC0-301F-11D3-BF4B-00C04F79EFBC}") = "ORM", "ORM\ORM.csproj", "{A79434C5-F8DC-4C25-9529-01FF3B32E49A}"
EndProject
Global
	GlobalSection(SolutionConfigurationPlatforms) = preSolution
		Debug|Any CPU = Debug|Any CPU
		Release|Any CPU = Release|Any CPU
	EndGlobalSection
	GlobalSection(ProjectConfigurationPlatforms) = postSolution
		{7794BDEF-61C4-445B-8FC6-821C313DF542}.Debug|Any CPU.ActiveCfg = Debug|Any CPU
		{7794BDEF-61C4-445B-8FC6-821C313DF542}.Debug|Any CPU.Build.0 = Debug|Any CPU
		{7794BDEF-61C4-445B-8FC6-821C313DF542}.Release|Any CPU.ActiveCfg = Release|Any CPU
		{7794BDEF-61C4-445B-8FC6-821C313DF542}.Release|Any CPU.Build.0 = Release|Any CPU
		{40DE4353-E39D-4AD5-A90B-DB831CBCF6C3}.Debug|Any CPU.ActiveCfg = Debug|Any CPU
		{40DE4353-E39D-4AD5-A90B-DB831CBCF6C3}.Debug|Any CPU.Build.0 = Debug|Any CPU
		{40DE4353-E39D-4AD5-A90B-DB831CBCF6C3}.Release|Any CPU.ActiveCfg = Release|Any CPU
		{40DE4353-E39D-4AD5-A90B-DB831CBCF6C3}.Release|Any CPU.Build.0 = Release|Any CPU
		{66E64500-DEDC-4E00-8C43-E908AD0A34E5}.Debug|Any CPU.ActiveCfg = Debug|Any CPU
		{66E64500-DEDC-4E00-8C43-E908AD0A34E5}.Debug|Any CPU.Build.0 = Debug|Any CPU
		{66E64500-DEDC-4E00-8C43-E908AD0A34E5}.Release|Any CPU.ActiveCfg = Release|Any CPU
		{66E64500-DEDC-4E00-8C43-E908AD0A34E5}.Release|Any CPU.Build.0 = Release|Any CPU
		{94178F91-2021-4583-A6D8-7D8914D06230}.Debug|Any CPU.ActiveCfg = Debug|Any CPU
		{94178F91-2021-4583-A6D8-7D8914D06230}.Debug|Any CPU.Build.0 = Debug|Any CPU
		{94178F91-2021-4583-A6D8-7D8914D06230}.Release|Any CPU.ActiveCfg = Release|Any CPU
		{94178F91-2021-4583-A6D8-7D8914D06230}.Release|Any CPU.Build.0 = Release|Any CPU
		{FECDE238-3965-4148-AF27-E8950FF18ECF}.Debug|Any CPU.ActiveCfg = Debug|Any CPU
		{FECDE238-3965-4148-AF27-E8950FF18ECF}.Debug|Any CPU.Build.0 = Debug|Any CPU
		{FECDE238-3965-4148-AF27-E8950FF18ECF}.Release|Any CPU.ActiveCfg = Release|Any CPU
		{FECDE238-3965-4148-AF27-E8950FF18ECF}.Release|Any CPU.Build.0 = Release|Any CPU
		{6B62EA00-33A6-469E-AD0F-73F8AC3B21AC}.Debug|Any CPU.ActiveCfg = Debug|Any CPU
		{6B62EA00-33A6-469E-AD0F-73F8AC3B21AC}.Debug|Any CPU.Build.0 = Debug|Any CPU
		{6B62EA00-33A6-469E-AD0F-73F8AC3B21AC}.Release|Any CPU.ActiveCfg = Release|Any CPU
		{6B62EA00-33A6-469E-AD0F-73F8AC3B21AC}.Release|Any CPU.Build.0 = Release|Any CPU
		{59617A96-4338-40AF-916E-FE0522C996AE}.Debug|Any CPU.ActiveCfg = Debug|Any CPU
		{59617A96-4338-40AF-916E-FE0522C996AE}.Debug|Any CPU.Build.0 = Debug|Any CPU
		{59617A96-4338-40AF-916E-FE0522C996AE}.Release|Any CPU.ActiveCfg = Release|Any CPU
		{59617A96-4338-40AF-916E-FE0522C996AE}.Release|Any CPU.Build.0 = Release|Any CPU
		{A79434C5-F8DC-4C25-9529-01FF3B32E49A}.Debug|Any CPU.ActiveCfg = Debug|Any CPU
		{A79434C5-F8DC-4C25-9529-01FF3B32E49A}.Debug|Any CPU.Build.0 = Debug|Any CPU
		{A79434C5-F8DC-4C25-9529-01FF3B32E49A}.Release|Any CPU.ActiveCfg = Release|Any CPU
		{A79434C5-F8DC-4C25-9529-01FF3B32E49A}.Release|Any CPU.Build.0 = Release|Any CPU
	EndGlobalSection
	GlobalSection(SolutionProperties) = preSolution
		HideSolutionNode = FALSE
	EndGlobalSection
	GlobalSection(ExtensibilityGlobals) = postSolution
		SolutionGuid = {E03AB2B9-0CCC-4A9D-AC12-7529FDC9EE8A}
	EndGlobalSection
EndGlobal
